
Microsoft Visual Studio Solution File, Format Version 12.00
# Visual Studio Express 2013 for Windows Desktop
VisualStudioVersion = 12.0.31101.0
MinimumVisualStudioVersion = 10.0.40219.1
Project("{8BC9CEB8-8B4A-11D0-8D11-00A0C91BC942}") = "UnitTest", "sources\UnitTest\UnitTest.vcxproj", "{A93B99CA-DC51-4B2F-803E-849B4B065CE3}"
	ProjectSection(ProjectDependencies) = postProject
		{8179E74B-685D-450D-871B-32BA3D2E796B} = {8179E74B-685D-450D-871B-32BA3D2E796B}
		{6A0FED63-5C53-4D9D-AF13-7C6D4582B1D3} = {6A0FED63-5C53-4D9D-AF13-7C6D4582B1D3}
		{21E81E7E-0E8B-4CBB-BBFB-9319CCA98EC4} = {21E81E7E-0E8B-4CBB-BBFB-9319CCA98EC4}
		{9DE1AB8F-150E-455C-BEE0-37793F797C5D} = {9DE1AB8F-150E-455C-BEE0-37793F797C5D}
		{D128839B-3939-4B47-B2AE-7DC75C56F282} = {D128839B-3939-4B47-B2AE-7DC75C56F282}
		{A5918EAC-8BB5-47ED-BD40-261965827990} = {A5918EAC-8BB5-47ED-BD40-261965827990}
		{04D4EEAD-2118-4889-9D9D-620C7C46F8ED} = {04D4EEAD-2118-4889-9D9D-620C7C46F8ED}
		{DE9BBBFB-8FEE-4E31-9312-58F1B0FD6DE2} = {DE9BBBFB-8FEE-4E31-9312-58F1B0FD6DE2}
	EndProjectSection
EndProject
Project("{8BC9CEB8-8B4A-11D0-8D11-00A0C91BC942}") = "autodoc", "autodoc\autodoc.vcxproj", "{A3C0BAE2-5AA8-4A8A-8C08-6A56A531E521}"
EndProject
Project("{8BC9CEB8-8B4A-11D0-8D11-00A0C91BC942}") = "Tools", "sources\Tools\Tools.vcxproj", "{D128839B-3939-4B47-B2AE-7DC75C56F282}"
	ProjectSection(ProjectDependencies) = postProject
		{21E81E7E-0E8B-4CBB-BBFB-9319CCA98EC4} = {21E81E7E-0E8B-4CBB-BBFB-9319CCA98EC4}
		{04D4EEAD-2118-4889-9D9D-620C7C46F8ED} = {04D4EEAD-2118-4889-9D9D-620C7C46F8ED}
	EndProjectSection
EndProject
Project("{8BC9CEB8-8B4A-11D0-8D11-00A0C91BC942}") = "Graph", "sources\Graph\Graph.vcxproj", "{04D4EEAD-2118-4889-9D9D-620C7C46F8ED}"
	ProjectSection(ProjectDependencies) = postProject
		{21E81E7E-0E8B-4CBB-BBFB-9319CCA98EC4} = {21E81E7E-0E8B-4CBB-BBFB-9319CCA98EC4}
	EndProjectSection
EndProject
Project("{8BC9CEB8-8B4A-11D0-8D11-00A0C91BC942}") = "Utils", "sources\Utils\Utils.vcxproj", "{21E81E7E-0E8B-4CBB-BBFB-9319CCA98EC4}"
EndProject
Project("{8BC9CEB8-8B4A-11D0-8D11-00A0C91BC942}") = "ir", "sources\ir\ir.vcxproj", "{8179E74B-685D-450D-871B-32BA3D2E796B}"
	ProjectSection(ProjectDependencies) = postProject
		{D128839B-3939-4B47-B2AE-7DC75C56F282} = {D128839B-3939-4B47-B2AE-7DC75C56F282}
		{04D4EEAD-2118-4889-9D9D-620C7C46F8ED} = {04D4EEAD-2118-4889-9D9D-620C7C46F8ED}
	EndProjectSection
EndProject
Project("{8BC9CEB8-8B4A-11D0-8D11-00A0C91BC942}") = "opt", "sources\opt\opt.vcxproj", "{A5918EAC-8BB5-47ED-BD40-261965827990}"
	ProjectSection(ProjectDependencies) = postProject
		{8179E74B-685D-450D-871B-32BA3D2E796B} = {8179E74B-685D-450D-871B-32BA3D2E796B}
	EndProjectSection
EndProject
Project("{8BC9CEB8-8B4A-11D0-8D11-00A0C91BC942}") = "syntax", "sources\syntax\syntax.vcxproj", "{9DE1AB8F-150E-455C-BEE0-37793F797C5D}"
EndProject
Project("{8BC9CEB8-8B4A-11D0-8D11-00A0C91BC942}") = "lowering", "sources\lowering\lowering.vcxproj", "{DE9BBBFB-8FEE-4E31-9312-58F1B0FD6DE2}"
EndProject
Project("{8BC9CEB8-8B4A-11D0-8D11-00A0C91BC942}") = "regexp", "sources\regexp\regexp.vcxproj", "{6A0FED63-5C53-4D9D-AF13-7C6D4582B1D3}"
	ProjectSection(ProjectDependencies) = postProject
		{21E81E7E-0E8B-4CBB-BBFB-9319CCA98EC4} = {21E81E7E-0E8B-4CBB-BBFB-9319CCA98EC4}
		{D128839B-3939-4B47-B2AE-7DC75C56F282} = {D128839B-3939-4B47-B2AE-7DC75C56F282}
		{04D4EEAD-2118-4889-9D9D-620C7C46F8ED} = {04D4EEAD-2118-4889-9D9D-620C7C46F8ED}
	EndProjectSection
EndProject
Global
	GlobalSection(SolutionConfigurationPlatforms) = preSolution
		Debug|Win32 = Debug|Win32
		Release|Win32 = Release|Win32
	EndGlobalSection
	GlobalSection(ProjectConfigurationPlatforms) = postSolution
		{A93B99CA-DC51-4B2F-803E-849B4B065CE3}.Debug|Win32.ActiveCfg = Debug|Win32
		{A93B99CA-DC51-4B2F-803E-849B4B065CE3}.Debug|Win32.Build.0 = Debug|Win32
		{A93B99CA-DC51-4B2F-803E-849B4B065CE3}.Release|Win32.ActiveCfg = Release|Win32
		{A93B99CA-DC51-4B2F-803E-849B4B065CE3}.Release|Win32.Build.0 = Release|Win32
		{A3C0BAE2-5AA8-4A8A-8C08-6A56A531E521}.Debug|Win32.ActiveCfg = Debug|Win32
		{A3C0BAE2-5AA8-4A8A-8C08-6A56A531E521}.Debug|Win32.Build.0 = Debug|Win32
		{A3C0BAE2-5AA8-4A8A-8C08-6A56A531E521}.Release|Win32.ActiveCfg = Release|Win32
		{A3C0BAE2-5AA8-4A8A-8C08-6A56A531E521}.Release|Win32.Build.0 = Release|Win32
		{D128839B-3939-4B47-B2AE-7DC75C56F282}.Debug|Win32.ActiveCfg = Debug|Win32
		{D128839B-3939-4B47-B2AE-7DC75C56F282}.Debug|Win32.Build.0 = Debug|Win32
		{D128839B-3939-4B47-B2AE-7DC75C56F282}.Release|Win32.ActiveCfg = Release|Win32
		{D128839B-3939-4B47-B2AE-7DC75C56F282}.Release|Win32.Build.0 = Release|Win32
		{04D4EEAD-2118-4889-9D9D-620C7C46F8ED}.Debug|Win32.ActiveCfg = Debug|Win32
		{04D4EEAD-2118-4889-9D9D-620C7C46F8ED}.Debug|Win32.Build.0 = Debug|Win32
		{04D4EEAD-2118-4889-9D9D-620C7C46F8ED}.Release|Win32.ActiveCfg = Release|Win32
		{04D4EEAD-2118-4889-9D9D-620C7C46F8ED}.Release|Win32.Build.0 = Release|Win32
		{21E81E7E-0E8B-4CBB-BBFB-9319CCA98EC4}.Debug|Win32.ActiveCfg = Debug|Win32
		{21E81E7E-0E8B-4CBB-BBFB-9319CCA98EC4}.Debug|Win32.Build.0 = Debug|Win32
		{21E81E7E-0E8B-4CBB-BBFB-9319CCA98EC4}.Release|Win32.ActiveCfg = Release|Win32
		{21E81E7E-0E8B-4CBB-BBFB-9319CCA98EC4}.Release|Win32.Build.0 = Release|Win32
		{8179E74B-685D-450D-871B-32BA3D2E796B}.Debug|Win32.ActiveCfg = Debug|Win32
		{8179E74B-685D-450D-871B-32BA3D2E796B}.Debug|Win32.Build.0 = Debug|Win32
		{8179E74B-685D-450D-871B-32BA3D2E796B}.Release|Win32.ActiveCfg = Release|Win32
		{8179E74B-685D-450D-871B-32BA3D2E796B}.Release|Win32.Build.0 = Release|Win32
		{A5918EAC-8BB5-47ED-BD40-261965827990}.Debug|Win32.ActiveCfg = Debug|Win32
		{A5918EAC-8BB5-47ED-BD40-261965827990}.Debug|Win32.Build.0 = Debug|Win32
		{A5918EAC-8BB5-47ED-BD40-261965827990}.Release|Win32.ActiveCfg = Release|Win32
		{A5918EAC-8BB5-47ED-BD40-261965827990}.Release|Win32.Build.0 = Release|Win32
		{9DE1AB8F-150E-455C-BEE0-37793F797C5D}.Debug|Win32.ActiveCfg = Debug|Win32
		{9DE1AB8F-150E-455C-BEE0-37793F797C5D}.Debug|Win32.Build.0 = Debug|Win32
		{9DE1AB8F-150E-455C-BEE0-37793F797C5D}.Release|Win32.ActiveCfg = Release|Win32
		{9DE1AB8F-150E-455C-BEE0-37793F797C5D}.Release|Win32.Build.0 = Release|Win32
		{DE9BBBFB-8FEE-4E31-9312-58F1B0FD6DE2}.Debug|Win32.ActiveCfg = Debug|Win32
		{DE9BBBFB-8FEE-4E31-9312-58F1B0FD6DE2}.Debug|Win32.Build.0 = Debug|Win32
		{DE9BBBFB-8FEE-4E31-9312-58F1B0FD6DE2}.Release|Win32.ActiveCfg = Release|Win32
		{DE9BBBFB-8FEE-4E31-9312-58F1B0FD6DE2}.Release|Win32.Build.0 = Release|Win32
		{6A0FED63-5C53-4D9D-AF13-7C6D4582B1D3}.Debug|Win32.ActiveCfg = Debug|Win32
		{6A0FED63-5C53-4D9D-AF13-7C6D4582B1D3}.Debug|Win32.Build.0 = Debug|Win32
		{6A0FED63-5C53-4D9D-AF13-7C6D4582B1D3}.Release|Win32.ActiveCfg = Release|Win32
		{6A0FED63-5C53-4D9D-AF13-7C6D4582B1D3}.Release|Win32.Build.0 = Release|Win32
	EndGlobalSection
	GlobalSection(SolutionProperties) = preSolution
		HideSolutionNode = FALSE
	EndGlobalSection
EndGlobal
